
Microsoft Visual Studio Solution File, Format Version 12.00
# Visual Studio 2013
VisualStudioVersion = 12.0.30501.0
MinimumVisualStudioVersion = 10.0.40219.1
Project("{FAE04EC0-301F-11D3-BF4B-00C04F79EFBC}") = "AutoStuff", "AutoStuff\AutoStuff.csproj", "{0CA5EC7E-9307-447B-9F0E-0AFCEB1C5B51}"
EndProject
Project("{2150E333-8FDC-42A3-9474-1A3956D46DE8}") = "Solution Items", "Solution Items", "{78FC575F-39B9-491C-AB2B-37FB964D44E7}"
	ProjectSection(SolutionItems) = preProject
		snippets.txt = snippets.txt
	EndProjectSection
EndProject
Global
	GlobalSection(SolutionConfigurationPlatforms) = preSolution
		Debug|Any CPU = Debug|Any CPU
		Release|Any CPU = Release|Any CPU
	EndGlobalSection
	GlobalSection(ProjectConfigurationPlatforms) = postSolution
		{0CA5EC7E-9307-447B-9F0E-0AFCEB1C5B51}.Debug|Any CPU.ActiveCfg = Debug|Any CPU
		{0CA5EC7E-9307-447B-9F0E-0AFCEB1C5B51}.Debug|Any CPU.Build.0 = Debug|Any CPU
		{0CA5EC7E-9307-447B-9F0E-0AFCEB1C5B51}.Release|Any CPU.ActiveCfg = Release|Any CPU
		{0CA5EC7E-9307-447B-9F0E-0AFCEB1C5B51}.Release|Any CPU.Build.0 = Release|Any CPU
	EndGlobalSection
	GlobalSection(SolutionProperties) = preSolution
		HideSolutionNode = FALSE
	EndGlobalSection
EndGlobal
